
Microsoft Visual Studio Solution File, Format Version 12.00
# Visual Studio 2012
Project("{FAE04EC0-301F-11D3-BF4B-00C04F79EFBC}") = "ComponentAdapterTest", "ComponentAdapterTest\ComponentAdapterTest.csproj", "{42A33962-AF36-4EB3-9382-5573599C0F0B}"
EndProject
Project("{FAE04EC0-301F-11D3-BF4B-00C04F79EFBC}") = "UnitTest", "UnitTest\UnitTest.csproj", "{16496D5B-8AA2-44BF-A32F-6943C68F94CA}"
EndProject
Global
	GlobalSection(SolutionConfigurationPlatforms) = preSolution
		Debug|Any CPU = Debug|Any CPU
		Debug|Mixed Platforms = Debug|Mixed Platforms
		Debug|x86 = Debug|x86
		Release|Any CPU = Release|Any CPU
		Release|Mixed Platforms = Release|Mixed Platforms
		Release|x86 = Release|x86
	EndGlobalSection
	GlobalSection(ProjectConfigurationPlatforms) = postSolution
		{42A33962-AF36-4EB3-9382-5573599C0F0B}.Debug|Any CPU.ActiveCfg = Debug|x86
		{42A33962-AF36-4EB3-9382-5573599C0F0B}.Debug|Mixed Platforms.ActiveCfg = Debug|x86
		{42A33962-AF36-4EB3-9382-5573599C0F0B}.Debug|Mixed Platforms.Build.0 = Debug|x86
		{42A33962-AF36-4EB3-9382-5573599C0F0B}.Debug|x86.ActiveCfg = Debug|x86
		{42A33962-AF36-4EB3-9382-5573599C0F0B}.Debug|x86.Build.0 = Debug|x86
		{42A33962-AF36-4EB3-9382-5573599C0F0B}.Release|Any CPU.ActiveCfg = Release|x86
		{42A33962-AF36-4EB3-9382-5573599C0F0B}.Release|Mixed Platforms.ActiveCfg = Release|x86
		{42A33962-AF36-4EB3-9382-5573599C0F0B}.Release|Mixed Platforms.Build.0 = Release|x86
		{42A33962-AF36-4EB3-9382-5573599C0F0B}.Release|x86.ActiveCfg = Release|x86
		{42A33962-AF36-4EB3-9382-5573599C0F0B}.Release|x86.Build.0 = Release|x86
		{16496D5B-8AA2-44BF-A32F-6943C68F94CA}.Debug|Any CPU.ActiveCfg = Debug|Any CPU
		{16496D5B-8AA2-44BF-A32F-6943C68F94CA}.Debug|Any CPU.Build.0 = Debug|Any CPU
		{16496D5B-8AA2-44BF-A32F-6943C68F94CA}.Debug|Mixed Platforms.ActiveCfg = Debug|Any CPU
		{16496D5B-8AA2-44BF-A32F-6943C68F94CA}.Debug|Mixed Platforms.Build.0 = Debug|Any CPU
		{16496D5B-8AA2-44BF-A32F-6943C68F94CA}.Debug|x86.ActiveCfg = Debug|Any CPU
		{16496D5B-8AA2-44BF-A32F-6943C68F94CA}.Release|Any CPU.ActiveCfg = Release|Any CPU
		{16496D5B-8AA2-44BF-A32F-6943C68F94CA}.Release|Any CPU.Build.0 = Release|Any CPU
		{16496D5B-8AA2-44BF-A32F-6943C68F94CA}.Release|Mixed Platforms.ActiveCfg = Release|Any CPU
		{16496D5B-8AA2-44BF-A32F-6943C68F94CA}.Release|Mixed Platforms.Build.0 = Release|Any CPU
		{16496D5B-8AA2-44BF-A32F-6943C68F94CA}.Release|x86.ActiveCfg = Release|Any CPU
	EndGlobalSection
	GlobalSection(SolutionProperties) = preSolution
		HideSolutionNode = FALSE
	EndGlobalSection
EndGlobal
